// !$*UTF8*$!
{
	archiveVersion = 1;
	classes = {
	};
	objectVersion = 77;
	objects = {

/* Begin PBXBuildFile section */
		941A9CC52CC0A073006BEFB7 /* ShortNewsApp.framework in Frameworks */ = {isa = PBXBuildFile; fileRef = 941A9CBA2CC0A073006BEFB7 /* ShortNewsApp.framework */; };
		94C43F7E2CC42A5900654E3C /* ShortNewsApp.framework in Frameworks */ = {isa = PBXBuildFile; fileRef = 941A9CBA2CC0A073006BEFB7 /* ShortNewsApp.framework */; };
		94C43F7F2CC42A5900654E3C /* ShortNewsApp.framework in Embed Frameworks */ = {isa = PBXBuildFile; fileRef = 941A9CBA2CC0A073006BEFB7 /* ShortNewsApp.framework */; settings = {ATTRIBUTES = (CodeSignOnCopy, RemoveHeadersOnCopy, ); }; };
/* End PBXBuildFile section */

/* Begin PBXContainerItemProxy section */
		941A9CC62CC0A073006BEFB7 /* PBXContainerItemProxy */ = {
			isa = PBXContainerItemProxy;
			containerPortal = 941A9CB12CC0A073006BEFB7 /* Project object */;
			proxyType = 1;
			remoteGlobalIDString = 941A9CB92CC0A073006BEFB7;
			remoteInfo = ShortNewsApp;
		};
		948CE5AE2CC4207B0072CFCA /* PBXContainerItemProxy */ = {
			isa = PBXContainerItemProxy;
			containerPortal = 941A9CB12CC0A073006BEFB7 /* Project object */;
			proxyType = 1;
			remoteGlobalIDString = 948CE5972CC420780072CFCA;
			remoteInfo = NewsAtBest;
		};
		94C43F802CC42A5900654E3C /* PBXContainerItemProxy */ = {
			isa = PBXContainerItemProxy;
			containerPortal = 941A9CB12CC0A073006BEFB7 /* Project object */;
			proxyType = 1;
			remoteGlobalIDString = 941A9CB92CC0A073006BEFB7;
			remoteInfo = ShortNewsApp;
		};
/* End PBXContainerItemProxy section */

/* Begin PBXCopyFilesBuildPhase section */
		94C43F822CC42A5900654E3C /* Embed Frameworks */ = {
			isa = PBXCopyFilesBuildPhase;
			buildActionMask = 2147483647;
			dstPath = "";
			dstSubfolderSpec = 10;
			files = (
				94C43F7F2CC42A5900654E3C /* ShortNewsApp.framework in Embed Frameworks */,
			);
			name = "Embed Frameworks";
			runOnlyForDeploymentPostprocessing = 0;
		};
/* End PBXCopyFilesBuildPhase section */

/* Begin PBXFileReference section */
		941A9CBA2CC0A073006BEFB7 /* ShortNewsApp.framework */ = {isa = PBXFileReference; explicitFileType = wrapper.framework; includeInIndex = 0; path = ShortNewsApp.framework; sourceTree = BUILT_PRODUCTS_DIR; };
		941A9CC42CC0A073006BEFB7 /* ShortNewsAppTests.xctest */ = {isa = PBXFileReference; explicitFileType = wrapper.cfbundle; includeInIndex = 0; path = ShortNewsAppTests.xctest; sourceTree = BUILT_PRODUCTS_DIR; };
		948CE5592CC3F3E60072CFCA /* ShortNewsApp.xctestplan */ = {isa = PBXFileReference; lastKnownFileType = text; path = ShortNewsApp.xctestplan; sourceTree = "<group>"; };
		948CE5982CC420780072CFCA /* NewsAtBest.app */ = {isa = PBXFileReference; explicitFileType = wrapper.application; includeInIndex = 0; path = NewsAtBest.app; sourceTree = BUILT_PRODUCTS_DIR; };
		948CE5AD2CC4207B0072CFCA /* NewsAtBestTests.xctest */ = {isa = PBXFileReference; explicitFileType = wrapper.cfbundle; includeInIndex = 0; path = NewsAtBestTests.xctest; sourceTree = BUILT_PRODUCTS_DIR; };
/* End PBXFileReference section */

/* Begin PBXFileSystemSynchronizedBuildFileExceptionSet section */
		941A9CCC2CC0A073006BEFB7 /* Exceptions for "ShortNewsApp" folder in "ShortNewsApp" target */ = {
			isa = PBXFileSystemSynchronizedBuildFileExceptionSet;
			publicHeaders = (
				ShortNewsApp.h,
			);
			target = 941A9CB92CC0A073006BEFB7 /* ShortNewsApp */;
		};
		948CE5BF2CC4207B0072CFCA /* Exceptions for "NewsAtBest" folder in "NewsAtBest" target */ = {
			isa = PBXFileSystemSynchronizedBuildFileExceptionSet;
			membershipExceptions = (
				Info.plist,
			);
			target = 948CE5972CC420780072CFCA /* NewsAtBest */;
		};
/* End PBXFileSystemSynchronizedBuildFileExceptionSet section */

/* Begin PBXFileSystemSynchronizedRootGroup section */
		941A9CBC2CC0A073006BEFB7 /* ShortNewsApp */ = {
			isa = PBXFileSystemSynchronizedRootGroup;
			exceptions = (
				941A9CCC2CC0A073006BEFB7 /* Exceptions for "ShortNewsApp" folder in "ShortNewsApp" target */,
			);
			path = ShortNewsApp;
			sourceTree = "<group>";
		};
		941A9CC82CC0A073006BEFB7 /* ShortNewsAppTests */ = {
			isa = PBXFileSystemSynchronizedRootGroup;
			path = ShortNewsAppTests;
			sourceTree = "<group>";
		};
		948CE5992CC420780072CFCA /* NewsAtBest */ = {
			isa = PBXFileSystemSynchronizedRootGroup;
			exceptions = (
				948CE5BF2CC4207B0072CFCA /* Exceptions for "NewsAtBest" folder in "NewsAtBest" target */,
			);
			path = NewsAtBest;
			sourceTree = "<group>";
		};
		948CE5B02CC4207B0072CFCA /* NewsAtBestTests */ = {
			isa = PBXFileSystemSynchronizedRootGroup;
			path = NewsAtBestTests;
			sourceTree = "<group>";
		};
/* End PBXFileSystemSynchronizedRootGroup section */

/* Begin PBXFrameworksBuildPhase section */
		941A9CB72CC0A073006BEFB7 /* Frameworks */ = {
			isa = PBXFrameworksBuildPhase;
			buildActionMask = 2147483647;
			files = (
			);
			runOnlyForDeploymentPostprocessing = 0;
		};
		941A9CC12CC0A073006BEFB7 /* Frameworks */ = {
			isa = PBXFrameworksBuildPhase;
			buildActionMask = 2147483647;
			files = (
				941A9CC52CC0A073006BEFB7 /* ShortNewsApp.framework in Frameworks */,
			);
			runOnlyForDeploymentPostprocessing = 0;
		};
		948CE5952CC420780072CFCA /* Frameworks */ = {
			isa = PBXFrameworksBuildPhase;
			buildActionMask = 2147483647;
			files = (
				94C43F7E2CC42A5900654E3C /* ShortNewsApp.framework in Frameworks */,
			);
			runOnlyForDeploymentPostprocessing = 0;
		};
		948CE5AA2CC4207B0072CFCA /* Frameworks */ = {
			isa = PBXFrameworksBuildPhase;
			buildActionMask = 2147483647;
			files = (
			);
			runOnlyForDeploymentPostprocessing = 0;
		};
/* End PBXFrameworksBuildPhase section */

/* Begin PBXGroup section */
		941A9CB02CC0A073006BEFB7 = {
			isa = PBXGroup;
			children = (
				948CE5592CC3F3E60072CFCA /* ShortNewsApp.xctestplan */,
				941A9CBC2CC0A073006BEFB7 /* ShortNewsApp */,
				948CE5992CC420780072CFCA /* NewsAtBest */,
				948CE5B02CC4207B0072CFCA /* NewsAtBestTests */,
				941A9CC82CC0A073006BEFB7 /* ShortNewsAppTests */,
				94C43F7D2CC42A5900654E3C /* Frameworks */,
				941A9CBB2CC0A073006BEFB7 /* Products */,
			);
			sourceTree = "<group>";
		};
		941A9CBB2CC0A073006BEFB7 /* Products */ = {
			isa = PBXGroup;
			children = (
				941A9CBA2CC0A073006BEFB7 /* ShortNewsApp.framework */,
				941A9CC42CC0A073006BEFB7 /* ShortNewsAppTests.xctest */,
				948CE5982CC420780072CFCA /* NewsAtBest.app */,
				948CE5AD2CC4207B0072CFCA /* NewsAtBestTests.xctest */,
			);
			name = Products;
			sourceTree = "<group>";
		};
		94C43F7D2CC42A5900654E3C /* Frameworks */ = {
			isa = PBXGroup;
			children = (
			);
			name = Frameworks;
			sourceTree = "<group>";
		};
/* End PBXGroup section */

/* Begin PBXHeadersBuildPhase section */
		941A9CB52CC0A073006BEFB7 /* Headers */ = {
			isa = PBXHeadersBuildPhase;
			buildActionMask = 2147483647;
			files = (
			);
			runOnlyForDeploymentPostprocessing = 0;
		};
/* End PBXHeadersBuildPhase section */

/* Begin PBXNativeTarget section */
		941A9CB92CC0A073006BEFB7 /* ShortNewsApp */ = {
			isa = PBXNativeTarget;
			buildConfigurationList = 941A9CCD2CC0A073006BEFB7 /* Build configuration list for PBXNativeTarget "ShortNewsApp" */;
			buildPhases = (
				941A9CB52CC0A073006BEFB7 /* Headers */,
				941A9CB62CC0A073006BEFB7 /* Sources */,
				941A9CB72CC0A073006BEFB7 /* Frameworks */,
				941A9CB82CC0A073006BEFB7 /* Resources */,
			);
			buildRules = (
			);
			dependencies = (
			);
			fileSystemSynchronizedGroups = (
				941A9CBC2CC0A073006BEFB7 /* ShortNewsApp */,
			);
			name = ShortNewsApp;
			packageProductDependencies = (
			);
			productName = ShortNewsApp;
			productReference = 941A9CBA2CC0A073006BEFB7 /* ShortNewsApp.framework */;
			productType = "com.apple.product-type.framework";
		};
		941A9CC32CC0A073006BEFB7 /* ShortNewsAppTests */ = {
			isa = PBXNativeTarget;
			buildConfigurationList = 941A9CD22CC0A073006BEFB7 /* Build configuration list for PBXNativeTarget "ShortNewsAppTests" */;
			buildPhases = (
				941A9CC02CC0A073006BEFB7 /* Sources */,
				941A9CC12CC0A073006BEFB7 /* Frameworks */,
				941A9CC22CC0A073006BEFB7 /* Resources */,
			);
			buildRules = (
			);
			dependencies = (
				941A9CC72CC0A073006BEFB7 /* PBXTargetDependency */,
			);
			fileSystemSynchronizedGroups = (
				941A9CC82CC0A073006BEFB7 /* ShortNewsAppTests */,
			);
			name = ShortNewsAppTests;
			packageProductDependencies = (
			);
			productName = ShortNewsAppTests;
			productReference = 941A9CC42CC0A073006BEFB7 /* ShortNewsAppTests.xctest */;
			productType = "com.apple.product-type.bundle.unit-test";
		};
		948CE5972CC420780072CFCA /* NewsAtBest */ = {
			isa = PBXNativeTarget;
			buildConfigurationList = 948CE5C02CC4207B0072CFCA /* Build configuration list for PBXNativeTarget "NewsAtBest" */;
			buildPhases = (
				948CE5942CC420780072CFCA /* Sources */,
				948CE5952CC420780072CFCA /* Frameworks */,
				948CE5962CC420780072CFCA /* Resources */,
				94C43F822CC42A5900654E3C /* Embed Frameworks */,
			);
			buildRules = (
			);
			dependencies = (
				94C43F812CC42A5900654E3C /* PBXTargetDependency */,
			);
			fileSystemSynchronizedGroups = (
				948CE5992CC420780072CFCA /* NewsAtBest */,
			);
			name = NewsAtBest;
			packageProductDependencies = (
			);
			productName = NewsAtBest;
			productReference = 948CE5982CC420780072CFCA /* NewsAtBest.app */;
			productType = "com.apple.product-type.application";
		};
		948CE5AC2CC4207B0072CFCA /* NewsAtBestTests */ = {
			isa = PBXNativeTarget;
			buildConfigurationList = 948CE5C32CC4207B0072CFCA /* Build configuration list for PBXNativeTarget "NewsAtBestTests" */;
			buildPhases = (
				948CE5A92CC4207B0072CFCA /* Sources */,
				948CE5AA2CC4207B0072CFCA /* Frameworks */,
				948CE5AB2CC4207B0072CFCA /* Resources */,
			);
			buildRules = (
			);
			dependencies = (
				948CE5AF2CC4207B0072CFCA /* PBXTargetDependency */,
			);
			fileSystemSynchronizedGroups = (
				948CE5B02CC4207B0072CFCA /* NewsAtBestTests */,
			);
			name = NewsAtBestTests;
			packageProductDependencies = (
			);
			productName = NewsAtBestTests;
			productReference = 948CE5AD2CC4207B0072CFCA /* NewsAtBestTests.xctest */;
			productType = "com.apple.product-type.bundle.unit-test";
		};
/* End PBXNativeTarget section */

/* Begin PBXProject section */
		941A9CB12CC0A073006BEFB7 /* Project object */ = {
			isa = PBXProject;
			attributes = {
				BuildIndependentTargetsInParallel = 1;
				LastSwiftUpdateCheck = 1600;
				LastUpgradeCheck = 1600;
				TargetAttributes = {
					941A9CB92CC0A073006BEFB7 = {
						CreatedOnToolsVersion = 16.0;
					};
					941A9CC32CC0A073006BEFB7 = {
						CreatedOnToolsVersion = 16.0;
					};
					948CE5972CC420780072CFCA = {
						CreatedOnToolsVersion = 16.0;
					};
					948CE5AC2CC4207B0072CFCA = {
						CreatedOnToolsVersion = 16.0;
						TestTargetID = 948CE5972CC420780072CFCA;
					};
				};
			};
			buildConfigurationList = 941A9CB42CC0A073006BEFB7 /* Build configuration list for PBXProject "ShortNewsApp" */;
			developmentRegion = en;
			hasScannedForEncodings = 0;
			knownRegions = (
				en,
				Base,
			);
			mainGroup = 941A9CB02CC0A073006BEFB7;
			minimizedProjectReferenceProxies = 1;
			preferredProjectObjectVersion = 77;
			productRefGroup = 941A9CBB2CC0A073006BEFB7 /* Products */;
			projectDirPath = "";
			projectRoot = "";
			targets = (
				941A9CB92CC0A073006BEFB7 /* ShortNewsApp */,
				941A9CC32CC0A073006BEFB7 /* ShortNewsAppTests */,
				948CE5972CC420780072CFCA /* NewsAtBest */,
				948CE5AC2CC4207B0072CFCA /* NewsAtBestTests */,
			);
		};
/* End PBXProject section */

/* Begin PBXResourcesBuildPhase section */
		941A9CB82CC0A073006BEFB7 /* Resources */ = {
			isa = PBXResourcesBuildPhase;
			buildActionMask = 2147483647;
			files = (
			);
			runOnlyForDeploymentPostprocessing = 0;
		};
		941A9CC22CC0A073006BEFB7 /* Resources */ = {
			isa = PBXResourcesBuildPhase;
			buildActionMask = 2147483647;
			files = (
			);
			runOnlyForDeploymentPostprocessing = 0;
		};
		948CE5962CC420780072CFCA /* Resources */ = {
			isa = PBXResourcesBuildPhase;
			buildActionMask = 2147483647;
			files = (
			);
			runOnlyForDeploymentPostprocessing = 0;
		};
		948CE5AB2CC4207B0072CFCA /* Resources */ = {
			isa = PBXResourcesBuildPhase;
			buildActionMask = 2147483647;
			files = (
			);
			runOnlyForDeploymentPostprocessing = 0;
		};
/* End PBXResourcesBuildPhase section */

/* Begin PBXSourcesBuildPhase section */
		941A9CB62CC0A073006BEFB7 /* Sources */ = {
			isa = PBXSourcesBuildPhase;
			buildActionMask = 2147483647;
			files = (
			);
			runOnlyForDeploymentPostprocessing = 0;
		};
		941A9CC02CC0A073006BEFB7 /* Sources */ = {
			isa = PBXSourcesBuildPhase;
			buildActionMask = 2147483647;
			files = (
			);
			runOnlyForDeploymentPostprocessing = 0;
		};
		948CE5942CC420780072CFCA /* Sources */ = {
			isa = PBXSourcesBuildPhase;
			buildActionMask = 2147483647;
			files = (
			);
			runOnlyForDeploymentPostprocessing = 0;
		};
		948CE5A92CC4207B0072CFCA /* Sources */ = {
			isa = PBXSourcesBuildPhase;
			buildActionMask = 2147483647;
			files = (
			);
			runOnlyForDeploymentPostprocessing = 0;
		};
/* End PBXSourcesBuildPhase section */

/* Begin PBXTargetDependency section */
		941A9CC72CC0A073006BEFB7 /* PBXTargetDependency */ = {
			isa = PBXTargetDependency;
			target = 941A9CB92CC0A073006BEFB7 /* ShortNewsApp */;
			targetProxy = 941A9CC62CC0A073006BEFB7 /* PBXContainerItemProxy */;
		};
		948CE5AF2CC4207B0072CFCA /* PBXTargetDependency */ = {
			isa = PBXTargetDependency;
			target = 948CE5972CC420780072CFCA /* NewsAtBest */;
			targetProxy = 948CE5AE2CC4207B0072CFCA /* PBXContainerItemProxy */;
		};
		94C43F812CC42A5900654E3C /* PBXTargetDependency */ = {
			isa = PBXTargetDependency;
			target = 941A9CB92CC0A073006BEFB7 /* ShortNewsApp */;
			targetProxy = 94C43F802CC42A5900654E3C /* PBXContainerItemProxy */;
		};
/* End PBXTargetDependency section */

/* Begin XCBuildConfiguration section */
		941A9CCE2CC0A073006BEFB7 /* Debug */ = {
			isa = XCBuildConfiguration;
			buildSettings = {
				BUILD_LIBRARY_FOR_DISTRIBUTION = YES;
				CODE_SIGN_STYLE = Automatic;
				COMBINE_HIDPI_IMAGES = YES;
				CURRENT_PROJECT_VERSION = 1;
				DEFINES_MODULE = YES;
				DEVELOPMENT_TEAM = 8HBX6A8R35;
				DYLIB_COMPATIBILITY_VERSION = 1;
				DYLIB_CURRENT_VERSION = 1;
				DYLIB_INSTALL_NAME_BASE = "@rpath";
				ENABLE_MODULE_VERIFIER = YES;
				GENERATE_INFOPLIST_FILE = YES;
				INFOPLIST_KEY_NSHumanReadableCopyright = "";
				INSTALL_PATH = "$(LOCAL_LIBRARY_DIR)/Frameworks";
				LD_RUNPATH_SEARCH_PATHS = (
					"$(inherited)",
					"@executable_path/../Frameworks",
					"@loader_path/Frameworks",
				);
				MARKETING_VERSION = 1.0;
				MODULE_VERIFIER_SUPPORTED_LANGUAGES = "objective-c objective-c++";
				MODULE_VERIFIER_SUPPORTED_LANGUAGE_STANDARDS = "gnu17 gnu++20";
				PRODUCT_BUNDLE_IDENTIFIER = com.vinod.ShortNewsApp;
				PRODUCT_NAME = "$(TARGET_NAME:c99extidentifier)";
				SKIP_INSTALL = YES;
				SUPPORTED_PLATFORMS = "iphoneos iphonesimulator macosx";
				SUPPORTS_MACCATALYST = NO;
				SWIFT_EMIT_LOC_STRINGS = YES;
				SWIFT_INSTALL_OBJC_HEADER = NO;
				SWIFT_VERSION = 5.0;
				TARGETED_DEVICE_FAMILY = 1;
			};
			name = Debug;
		};
		941A9CCF2CC0A073006BEFB7 /* Release */ = {
			isa = XCBuildConfiguration;
			buildSettings = {
				BUILD_LIBRARY_FOR_DISTRIBUTION = YES;
				CODE_SIGN_STYLE = Automatic;
				COMBINE_HIDPI_IMAGES = YES;
				CURRENT_PROJECT_VERSION = 1;
				DEFINES_MODULE = YES;
				DEVELOPMENT_TEAM = 8HBX6A8R35;
				DYLIB_COMPATIBILITY_VERSION = 1;
				DYLIB_CURRENT_VERSION = 1;
				DYLIB_INSTALL_NAME_BASE = "@rpath";
				ENABLE_MODULE_VERIFIER = YES;
				GENERATE_INFOPLIST_FILE = YES;
				INFOPLIST_KEY_NSHumanReadableCopyright = "";
				INSTALL_PATH = "$(LOCAL_LIBRARY_DIR)/Frameworks";
				LD_RUNPATH_SEARCH_PATHS = (
					"$(inherited)",
					"@executable_path/../Frameworks",
					"@loader_path/Frameworks",
				);
				MARKETING_VERSION = 1.0;
				MODULE_VERIFIER_SUPPORTED_LANGUAGES = "objective-c objective-c++";
				MODULE_VERIFIER_SUPPORTED_LANGUAGE_STANDARDS = "gnu17 gnu++20";
				PRODUCT_BUNDLE_IDENTIFIER = com.vinod.ShortNewsApp;
				PRODUCT_NAME = "$(TARGET_NAME:c99extidentifier)";
				SKIP_INSTALL = YES;
				SUPPORTED_PLATFORMS = "iphoneos iphonesimulator macosx";
				SUPPORTS_MACCATALYST = NO;
				SWIFT_EMIT_LOC_STRINGS = YES;
				SWIFT_INSTALL_OBJC_HEADER = NO;
				SWIFT_VERSION = 5.0;
				TARGETED_DEVICE_FAMILY = 1;
			};
			name = Release;
		};
		941A9CD02CC0A073006BEFB7 /* Debug */ = {
			isa = XCBuildConfiguration;
			buildSettings = {
				ALWAYS_SEARCH_USER_PATHS = NO;
				ASSETCATALOG_COMPILER_GENERATE_SWIFT_ASSET_SYMBOL_EXTENSIONS = YES;
				CLANG_ANALYZER_NONNULL = YES;
				CLANG_ANALYZER_NUMBER_OBJECT_CONVERSION = YES_AGGRESSIVE;
				CLANG_CXX_LANGUAGE_STANDARD = "gnu++20";
				CLANG_ENABLE_MODULES = YES;
				CLANG_ENABLE_OBJC_ARC = YES;
				CLANG_ENABLE_OBJC_WEAK = YES;
				CLANG_WARN_BLOCK_CAPTURE_AUTORELEASING = YES;
				CLANG_WARN_BOOL_CONVERSION = YES;
				CLANG_WARN_COMMA = YES;
				CLANG_WARN_CONSTANT_CONVERSION = YES;
				CLANG_WARN_DEPRECATED_OBJC_IMPLEMENTATIONS = YES;
				CLANG_WARN_DIRECT_OBJC_ISA_USAGE = YES_ERROR;
				CLANG_WARN_DOCUMENTATION_COMMENTS = YES;
				CLANG_WARN_EMPTY_BODY = YES;
				CLANG_WARN_ENUM_CONVERSION = YES;
				CLANG_WARN_INFINITE_RECURSION = YES;
				CLANG_WARN_INT_CONVERSION = YES;
				CLANG_WARN_NON_LITERAL_NULL_CONVERSION = YES;
				CLANG_WARN_OBJC_IMPLICIT_RETAIN_SELF = YES;
				CLANG_WARN_OBJC_LITERAL_CONVERSION = YES;
				CLANG_WARN_OBJC_ROOT_CLASS = YES_ERROR;
				CLANG_WARN_QUOTED_INCLUDE_IN_FRAMEWORK_HEADER = YES;
				CLANG_WARN_RANGE_LOOP_ANALYSIS = YES;
				CLANG_WARN_STRICT_PROTOTYPES = YES;
				CLANG_WARN_SUSPICIOUS_MOVE = YES;
				CLANG_WARN_UNGUARDED_AVAILABILITY = YES_AGGRESSIVE;
				CLANG_WARN_UNREACHABLE_CODE = YES;
				CLANG_WARN__DUPLICATE_METHOD_MATCH = YES;
				COPY_PHASE_STRIP = NO;
				CURRENT_PROJECT_VERSION = 1;
				DEBUG_INFORMATION_FORMAT = dwarf;
				ENABLE_STRICT_OBJC_MSGSEND = YES;
				ENABLE_TESTABILITY = YES;
				ENABLE_USER_SCRIPT_SANDBOXING = YES;
				GCC_C_LANGUAGE_STANDARD = gnu17;
				GCC_DYNAMIC_NO_PIC = NO;
				GCC_NO_COMMON_BLOCKS = YES;
				GCC_OPTIMIZATION_LEVEL = 0;
				GCC_PREPROCESSOR_DEFINITIONS = (
					"DEBUG=1",
					"$(inherited)",
				);
				GCC_WARN_64_TO_32_BIT_CONVERSION = YES;
				GCC_WARN_ABOUT_RETURN_TYPE = YES_ERROR;
				GCC_WARN_UNDECLARED_SELECTOR = YES;
				GCC_WARN_UNINITIALIZED_AUTOS = YES_AGGRESSIVE;
				GCC_WARN_UNUSED_FUNCTION = YES;
				GCC_WARN_UNUSED_VARIABLE = YES;
				LOCALIZATION_PREFERS_STRING_CATALOGS = YES;
				MACOSX_DEPLOYMENT_TARGET = 15.0;
				MTL_ENABLE_DEBUG_INFO = INCLUDE_SOURCE;
				MTL_FAST_MATH = YES;
				ONLY_ACTIVE_ARCH = YES;
				SDKROOT = macosx;
				SWIFT_ACTIVE_COMPILATION_CONDITIONS = "DEBUG $(inherited)";
				SWIFT_OPTIMIZATION_LEVEL = "-Onone";
				VERSIONING_SYSTEM = "apple-generic";
				VERSION_INFO_PREFIX = "";
			};
			name = Debug;
		};
		941A9CD12CC0A073006BEFB7 /* Release */ = {
			isa = XCBuildConfiguration;
			buildSettings = {
				ALWAYS_SEARCH_USER_PATHS = NO;
				ASSETCATALOG_COMPILER_GENERATE_SWIFT_ASSET_SYMBOL_EXTENSIONS = YES;
				CLANG_ANALYZER_NONNULL = YES;
				CLANG_ANALYZER_NUMBER_OBJECT_CONVERSION = YES_AGGRESSIVE;
				CLANG_CXX_LANGUAGE_STANDARD = "gnu++20";
				CLANG_ENABLE_MODULES = YES;
				CLANG_ENABLE_OBJC_ARC = YES;
				CLANG_ENABLE_OBJC_WEAK = YES;
				CLANG_WARN_BLOCK_CAPTURE_AUTORELEASING = YES;
				CLANG_WARN_BOOL_CONVERSION = YES;
				CLANG_WARN_COMMA = YES;
				CLANG_WARN_CONSTANT_CONVERSION = YES;
				CLANG_WARN_DEPRECATED_OBJC_IMPLEMENTATIONS = YES;
				CLANG_WARN_DIRECT_OBJC_ISA_USAGE = YES_ERROR;
				CLANG_WARN_DOCUMENTATION_COMMENTS = YES;
				CLANG_WARN_EMPTY_BODY = YES;
				CLANG_WARN_ENUM_CONVERSION = YES;
				CLANG_WARN_INFINITE_RECURSION = YES;
				CLANG_WARN_INT_CONVERSION = YES;
				CLANG_WARN_NON_LITERAL_NULL_CONVERSION = YES;
				CLANG_WARN_OBJC_IMPLICIT_RETAIN_SELF = YES;
				CLANG_WARN_OBJC_LITERAL_CONVERSION = YES;
				CLANG_WARN_OBJC_ROOT_CLASS = YES_ERROR;
				CLANG_WARN_QUOTED_INCLUDE_IN_FRAMEWORK_HEADER = YES;
				CLANG_WARN_RANGE_LOOP_ANALYSIS = YES;
				CLANG_WARN_STRICT_PROTOTYPES = YES;
				CLANG_WARN_SUSPICIOUS_MOVE = YES;
				CLANG_WARN_UNGUARDED_AVAILABILITY = YES_AGGRESSIVE;
				CLANG_WARN_UNREACHABLE_CODE = YES;
				CLANG_WARN__DUPLICATE_METHOD_MATCH = YES;
				COPY_PHASE_STRIP = NO;
				CURRENT_PROJECT_VERSION = 1;
				DEBUG_INFORMATION_FORMAT = "dwarf-with-dsym";
				ENABLE_NS_ASSERTIONS = NO;
				ENABLE_STRICT_OBJC_MSGSEND = YES;
				ENABLE_USER_SCRIPT_SANDBOXING = YES;
				GCC_C_LANGUAGE_STANDARD = gnu17;
				GCC_NO_COMMON_BLOCKS = YES;
				GCC_WARN_64_TO_32_BIT_CONVERSION = YES;
				GCC_WARN_ABOUT_RETURN_TYPE = YES_ERROR;
				GCC_WARN_UNDECLARED_SELECTOR = YES;
				GCC_WARN_UNINITIALIZED_AUTOS = YES_AGGRESSIVE;
				GCC_WARN_UNUSED_FUNCTION = YES;
				GCC_WARN_UNUSED_VARIABLE = YES;
				LOCALIZATION_PREFERS_STRING_CATALOGS = YES;
				MACOSX_DEPLOYMENT_TARGET = 15.0;
				MTL_ENABLE_DEBUG_INFO = NO;
				MTL_FAST_MATH = YES;
				SDKROOT = macosx;
				SWIFT_COMPILATION_MODE = wholemodule;
				VERSIONING_SYSTEM = "apple-generic";
				VERSION_INFO_PREFIX = "";
			};
			name = Release;
		};
		941A9CD32CC0A073006BEFB7 /* Debug */ = {
			isa = XCBuildConfiguration;
			buildSettings = {
				CODE_SIGN_STYLE = Automatic;
				CURRENT_PROJECT_VERSION = 1;
				DEVELOPMENT_TEAM = 8HBX6A8R35;
				GENERATE_INFOPLIST_FILE = YES;
				MARKETING_VERSION = 1.0;
				PRODUCT_BUNDLE_IDENTIFIER = com.vinod.ShortNewsAppTests;
				PRODUCT_NAME = "$(TARGET_NAME)";
				SWIFT_EMIT_LOC_STRINGS = NO;
				SWIFT_VERSION = 5.0;
			};
			name = Debug;
		};
		941A9CD42CC0A073006BEFB7 /* Release */ = {
			isa = XCBuildConfiguration;
			buildSettings = {
				CODE_SIGN_STYLE = Automatic;
				CURRENT_PROJECT_VERSION = 1;
				DEVELOPMENT_TEAM = 8HBX6A8R35;
				GENERATE_INFOPLIST_FILE = YES;
				MARKETING_VERSION = 1.0;
				PRODUCT_BUNDLE_IDENTIFIER = com.vinod.ShortNewsAppTests;
				PRODUCT_NAME = "$(TARGET_NAME)";
				SWIFT_EMIT_LOC_STRINGS = NO;
				SWIFT_VERSION = 5.0;
			};
			name = Release;
		};
		948CE5C12CC4207B0072CFCA /* Debug */ = {
			isa = XCBuildConfiguration;
			buildSettings = {
				ASSETCATALOG_COMPILER_APPICON_NAME = AppIcon;
				ASSETCATALOG_COMPILER_GLOBAL_ACCENT_COLOR_NAME = AccentColor;
				CODE_SIGN_STYLE = Automatic;
				CURRENT_PROJECT_VERSION = 1;
				DEVELOPMENT_TEAM = 8HBX6A8R35;
				GENERATE_INFOPLIST_FILE = YES;
				INFOPLIST_FILE = NewsAtBest/Info.plist;
				INFOPLIST_KEY_UIApplicationSupportsIndirectInputEvents = YES;
				INFOPLIST_KEY_UILaunchStoryboardName = LaunchScreen;
				INFOPLIST_KEY_UIMainStoryboardFile = Main;
				INFOPLIST_KEY_UISupportedInterfaceOrientations_iPad = "UIInterfaceOrientationPortrait UIInterfaceOrientationPortraitUpsideDown UIInterfaceOrientationLandscapeLeft UIInterfaceOrientationLandscapeRight";
				INFOPLIST_KEY_UISupportedInterfaceOrientations_iPhone = "UIInterfaceOrientationPortrait UIInterfaceOrientationLandscapeLeft UIInterfaceOrientationLandscapeRight";
				IPHONEOS_DEPLOYMENT_TARGET = 18.0;
				LD_RUNPATH_SEARCH_PATHS = (
					"$(inherited)",
					"@executable_path/Frameworks",
				);
				MARKETING_VERSION = 1.0;
				PRODUCT_BUNDLE_IDENTIFIER = com.vinod.NewsAtBest;
				PRODUCT_NAME = "$(TARGET_NAME)";
				SDKROOT = iphoneos;
				SWIFT_EMIT_LOC_STRINGS = YES;
				SWIFT_VERSION = 5.0;
				TARGETED_DEVICE_FAMILY = "1,2";
			};
			name = Debug;
		};
		948CE5C22CC4207B0072CFCA /* Release */ = {
			isa = XCBuildConfiguration;
			buildSettings = {
				ASSETCATALOG_COMPILER_APPICON_NAME = AppIcon;
				ASSETCATALOG_COMPILER_GLOBAL_ACCENT_COLOR_NAME = AccentColor;
				CODE_SIGN_STYLE = Automatic;
				CURRENT_PROJECT_VERSION = 1;
				DEVELOPMENT_TEAM = 8HBX6A8R35;
				GENERATE_INFOPLIST_FILE = YES;
				INFOPLIST_FILE = NewsAtBest/Info.plist;
				INFOPLIST_KEY_UIApplicationSupportsIndirectInputEvents = YES;
				INFOPLIST_KEY_UILaunchStoryboardName = LaunchScreen;
				INFOPLIST_KEY_UIMainStoryboardFile = Main;
				INFOPLIST_KEY_UISupportedInterfaceOrientations_iPad = "UIInterfaceOrientationPortrait UIInterfaceOrientationPortraitUpsideDown UIInterfaceOrientationLandscapeLeft UIInterfaceOrientationLandscapeRight";
				INFOPLIST_KEY_UISupportedInterfaceOrientations_iPhone = "UIInterfaceOrientationPortrait UIInterfaceOrientationLandscapeLeft UIInterfaceOrientationLandscapeRight";
				IPHONEOS_DEPLOYMENT_TARGET = 18.0;
				LD_RUNPATH_SEARCH_PATHS = (
					"$(inherited)",
					"@executable_path/Frameworks",
				);
				MARKETING_VERSION = 1.0;
				PRODUCT_BUNDLE_IDENTIFIER = com.vinod.NewsAtBest;
				PRODUCT_NAME = "$(TARGET_NAME)";
				SDKROOT = iphoneos;
				SWIFT_EMIT_LOC_STRINGS = YES;
				SWIFT_VERSION = 5.0;
				TARGETED_DEVICE_FAMILY = "1,2";
				VALIDATE_PRODUCT = YES;
			};
			name = Release;
		};
		948CE5C42CC4207B0072CFCA /* Debug */ = {
			isa = XCBuildConfiguration;
			buildSettings = {
				BUNDLE_LOADER = "$(TEST_HOST)";
				CODE_SIGN_STYLE = Automatic;
				CURRENT_PROJECT_VERSION = 1;
				DEVELOPMENT_TEAM = 8HBX6A8R35;
				GENERATE_INFOPLIST_FILE = YES;
				IPHONEOS_DEPLOYMENT_TARGET = 18.0;
				MARKETING_VERSION = 1.0;
				PRODUCT_BUNDLE_IDENTIFIER = com.vinod.NewsAtBestTests;
				PRODUCT_NAME = "$(TARGET_NAME)";
				SDKROOT = iphoneos;
				SWIFT_EMIT_LOC_STRINGS = NO;
				SWIFT_VERSION = 5.0;
				TARGETED_DEVICE_FAMILY = "1,2";
				TEST_HOST = "$(BUILT_PRODUCTS_DIR)/NewsAtBest.app/$(BUNDLE_EXECUTABLE_FOLDER_PATH)/NewsAtBest";
			};
			name = Debug;
		};
		948CE5C52CC4207B0072CFCA /* Release */ = {
			isa = XCBuildConfiguration;
			buildSettings = {
				BUNDLE_LOADER = "$(TEST_HOST)";
				CODE_SIGN_STYLE = Automatic;
				CURRENT_PROJECT_VERSION = 1;
				DEVELOPMENT_TEAM = 8HBX6A8R35;
				GENERATE_INFOPLIST_FILE = YES;
				IPHONEOS_DEPLOYMENT_TARGET = 18.0;
				MARKETING_VERSION = 1.0;
				PRODUCT_BUNDLE_IDENTIFIER = com.vinod.NewsAtBestTests;
				PRODUCT_NAME = "$(TARGET_NAME)";
				SDKROOT = iphoneos;
				SWIFT_EMIT_LOC_STRINGS = NO;
				SWIFT_VERSION = 5.0;
				TARGETED_DEVICE_FAMILY = "1,2";
				TEST_HOST = "$(BUILT_PRODUCTS_DIR)/NewsAtBest.app/$(BUNDLE_EXECUTABLE_FOLDER_PATH)/NewsAtBest";
				VALIDATE_PRODUCT = YES;
			};
			name = Release;
		};
/* End XCBuildConfiguration section */

/* Begin XCConfigurationList section */
		941A9CB42CC0A073006BEFB7 /* Build configuration list for PBXProject "ShortNewsApp" */ = {
			isa = XCConfigurationList;
			buildConfigurations = (
				941A9CD02CC0A073006BEFB7 /* Debug */,
				941A9CD12CC0A073006BEFB7 /* Release */,
			);
			defaultConfigurationIsVisible = 0;
			defaultConfigurationName = Release;
		};
		941A9CCD2CC0A073006BEFB7 /* Build configuration list for PBXNativeTarget "ShortNewsApp" */ = {
			isa = XCConfigurationList;
			buildConfigurations = (
				941A9CCE2CC0A073006BEFB7 /* Debug */,
				941A9CCF2CC0A073006BEFB7 /* Release */,
			);
			defaultConfigurationIsVisible = 0;
			defaultConfigurationName = Release;
		};
		941A9CD22CC0A073006BEFB7 /* Build configuration list for PBXNativeTarget "ShortNewsAppTests" */ = {
			isa = XCConfigurationList;
			buildConfigurations = (
				941A9CD32CC0A073006BEFB7 /* Debug */,
				941A9CD42CC0A073006BEFB7 /* Release */,
			);
			defaultConfigurationIsVisible = 0;
			defaultConfigurationName = Release;
		};
		948CE5C02CC4207B0072CFCA /* Build configuration list for PBXNativeTarget "NewsAtBest" */ = {
			isa = XCConfigurationList;
			buildConfigurations = (
				948CE5C12CC4207B0072CFCA /* Debug */,
				948CE5C22CC4207B0072CFCA /* Release */,
			);
			defaultConfigurationIsVisible = 0;
			defaultConfigurationName = Release;
		};
		948CE5C32CC4207B0072CFCA /* Build configuration list for PBXNativeTarget "NewsAtBestTests" */ = {
			isa = XCConfigurationList;
			buildConfigurations = (
				948CE5C42CC4207B0072CFCA /* Debug */,
				948CE5C52CC4207B0072CFCA /* Release */,
			);
			defaultConfigurationIsVisible = 0;
			defaultConfigurationName = Release;
		};
/* End XCConfigurationList section */
	};
	rootObject = 941A9CB12CC0A073006BEFB7 /* Project object */;
}
